
Microsoft Visual Studio Solution File, Format Version 12.00
# Visual Studio 2012
Project("{FAE04EC0-301F-11D3-BF4B-00C04F79EFBC}") = "DZAudit.Android", "DZAudit.Android\DZAudit.Android.csproj", "{CFA35E9C-F4ED-471F-ACD7-6875FD8AC175}"
EndProject
Project("{FAE04EC0-301F-11D3-BF4B-00C04F79EFBC}") = "DZAudit.iOS", "DZAudit.iOS\DZAudit.iOS.csproj", "{6C4BBCFF-4026-4C99-AA9F-C26478D456A7}"
EndProject
Project("{FAE04EC0-301F-11D3-BF4B-00C04F79EFBC}") = "DZAudit", "DZAudit\DZAudit.csproj", "{3928E90B-D6EC-4237-930E-A2FA7D4A5A45}"
EndProject
Global
	GlobalSection(SolutionConfigurationPlatforms) = preSolution
		Debug|Any CPU = Debug|Any CPU
		Release|Any CPU = Release|Any CPU
		Debug|iPhoneSimulator = Debug|iPhoneSimulator
		Release|iPhoneSimulator = Release|iPhoneSimulator
		Debug|iPhone = Debug|iPhone
		Release|iPhone = Release|iPhone
		Ad-Hoc|iPhone = Ad-Hoc|iPhone
		AppStore|iPhone = AppStore|iPhone
	EndGlobalSection
	GlobalSection(ProjectConfigurationPlatforms) = postSolution
		{CFA35E9C-F4ED-471F-ACD7-6875FD8AC175}.Debug|Any CPU.ActiveCfg = Debug|Any CPU
		{CFA35E9C-F4ED-471F-ACD7-6875FD8AC175}.Debug|Any CPU.Build.0 = Debug|Any CPU
		{CFA35E9C-F4ED-471F-ACD7-6875FD8AC175}.Release|Any CPU.ActiveCfg = Release|Any CPU
		{CFA35E9C-F4ED-471F-ACD7-6875FD8AC175}.Release|Any CPU.Build.0 = Release|Any CPU
		{CFA35E9C-F4ED-471F-ACD7-6875FD8AC175}.Debug|iPhoneSimulator.ActiveCfg = Debug|Any CPU
		{CFA35E9C-F4ED-471F-ACD7-6875FD8AC175}.Debug|iPhoneSimulator.Build.0 = Debug|Any CPU
		{CFA35E9C-F4ED-471F-ACD7-6875FD8AC175}.Release|iPhoneSimulator.ActiveCfg = Release|Any CPU
		{CFA35E9C-F4ED-471F-ACD7-6875FD8AC175}.Release|iPhoneSimulator.Build.0 = Release|Any CPU
		{CFA35E9C-F4ED-471F-ACD7-6875FD8AC175}.Debug|iPhone.ActiveCfg = Debug|Any CPU
		{CFA35E9C-F4ED-471F-ACD7-6875FD8AC175}.Debug|iPhone.Build.0 = Debug|Any CPU
		{CFA35E9C-F4ED-471F-ACD7-6875FD8AC175}.Release|iPhone.ActiveCfg = Release|Any CPU
		{CFA35E9C-F4ED-471F-ACD7-6875FD8AC175}.Release|iPhone.Build.0 = Release|Any CPU
		{CFA35E9C-F4ED-471F-ACD7-6875FD8AC175}.Ad-Hoc|iPhone.ActiveCfg = Debug|Any CPU
		{CFA35E9C-F4ED-471F-ACD7-6875FD8AC175}.Ad-Hoc|iPhone.Build.0 = Debug|Any CPU
		{CFA35E9C-F4ED-471F-ACD7-6875FD8AC175}.AppStore|iPhone.ActiveCfg = Debug|Any CPU
		{CFA35E9C-F4ED-471F-ACD7-6875FD8AC175}.AppStore|iPhone.Build.0 = Debug|Any CPU
		{6C4BBCFF-4026-4C99-AA9F-C26478D456A7}.Debug|Any CPU.ActiveCfg = Debug|iPhoneSimulator
		{6C4BBCFF-4026-4C99-AA9F-C26478D456A7}.Debug|Any CPU.Build.0 = Debug|iPhoneSimulator
		{6C4BBCFF-4026-4C99-AA9F-C26478D456A7}.Release|Any CPU.ActiveCfg = Release|iPhoneSimulator
		{6C4BBCFF-4026-4C99-AA9F-C26478D456A7}.Release|Any CPU.Build.0 = Release|iPhoneSimulator
		{6C4BBCFF-4026-4C99-AA9F-C26478D456A7}.Debug|iPhoneSimulator.ActiveCfg = Debug|iPhoneSimulator
		{6C4BBCFF-4026-4C99-AA9F-C26478D456A7}.Debug|iPhoneSimulator.Build.0 = Debug|iPhoneSimulator
		{6C4BBCFF-4026-4C99-AA9F-C26478D456A7}.Release|iPhoneSimulator.ActiveCfg = Release|iPhoneSimulator
		{6C4BBCFF-4026-4C99-AA9F-C26478D456A7}.Release|iPhoneSimulator.Build.0 = Release|iPhoneSimulator
		{6C4BBCFF-4026-4C99-AA9F-C26478D456A7}.Debug|iPhone.ActiveCfg = Debug|iPhone
		{6C4BBCFF-4026-4C99-AA9F-C26478D456A7}.Debug|iPhone.Build.0 = Debug|iPhone
		{6C4BBCFF-4026-4C99-AA9F-C26478D456A7}.Release|iPhone.ActiveCfg = Release|iPhone
		{6C4BBCFF-4026-4C99-AA9F-C26478D456A7}.Release|iPhone.Build.0 = Release|iPhone
		{6C4BBCFF-4026-4C99-AA9F-C26478D456A7}.Ad-Hoc|iPhone.ActiveCfg = Ad-Hoc|iPhone
		{6C4BBCFF-4026-4C99-AA9F-C26478D456A7}.Ad-Hoc|iPhone.Build.0 = Ad-Hoc|iPhone
		{6C4BBCFF-4026-4C99-AA9F-C26478D456A7}.AppStore|iPhone.ActiveCfg = AppStore|iPhone
		{6C4BBCFF-4026-4C99-AA9F-C26478D456A7}.AppStore|iPhone.Build.0 = AppStore|iPhone
		{3928E90B-D6EC-4237-930E-A2FA7D4A5A45}.Debug|Any CPU.ActiveCfg = Debug|Any CPU
		{3928E90B-D6EC-4237-930E-A2FA7D4A5A45}.Debug|Any CPU.Build.0 = Debug|Any CPU
		{3928E90B-D6EC-4237-930E-A2FA7D4A5A45}.Release|Any CPU.ActiveCfg = Release|Any CPU
		{3928E90B-D6EC-4237-930E-A2FA7D4A5A45}.Release|Any CPU.Build.0 = Release|Any CPU
		{3928E90B-D6EC-4237-930E-A2FA7D4A5A45}.Debug|iPhoneSimulator.ActiveCfg = Debug|Any CPU
		{3928E90B-D6EC-4237-930E-A2FA7D4A5A45}.Debug|iPhoneSimulator.Build.0 = Debug|Any CPU
		{3928E90B-D6EC-4237-930E-A2FA7D4A5A45}.Release|iPhoneSimulator.ActiveCfg = Release|Any CPU
		{3928E90B-D6EC-4237-930E-A2FA7D4A5A45}.Release|iPhoneSimulator.Build.0 = Release|Any CPU
		{3928E90B-D6EC-4237-930E-A2FA7D4A5A45}.Debug|iPhone.ActiveCfg = Debug|Any CPU
		{3928E90B-D6EC-4237-930E-A2FA7D4A5A45}.Debug|iPhone.Build.0 = Debug|Any CPU
		{3928E90B-D6EC-4237-930E-A2FA7D4A5A45}.Release|iPhone.ActiveCfg = Release|Any CPU
		{3928E90B-D6EC-4237-930E-A2FA7D4A5A45}.Release|iPhone.Build.0 = Release|Any CPU
		{3928E90B-D6EC-4237-930E-A2FA7D4A5A45}.Ad-Hoc|iPhone.ActiveCfg = Debug|Any CPU
		{3928E90B-D6EC-4237-930E-A2FA7D4A5A45}.Ad-Hoc|iPhone.Build.0 = Debug|Any CPU
		{3928E90B-D6EC-4237-930E-A2FA7D4A5A45}.AppStore|iPhone.ActiveCfg = Debug|Any CPU
		{3928E90B-D6EC-4237-930E-A2FA7D4A5A45}.AppStore|iPhone.Build.0 = Debug|Any CPU
	EndGlobalSection
EndGlobal
